{
  "name": "blogue-common",
  "version": "1.0.0",
  "lockfileVersion": 3,
  "requires": true,
  "packages": {
    "": {
      "name": "blogue-common",
      "version": "1.0.0",
      "license": "ISC",
      "dependencies": {
        "blogue-common": "^1.0.0",
        "zod": "^3.23.8"
      }
    },
    "node_modules/blogue-common": {
      "version": "1.0.0",
      "resolved": "https://registry.npmjs.org/blogue-common/-/blogue-common-1.0.0.tgz",
      "integrity": "sha512-bcfXKnsqMt9vamCjnGzR/CXJwecEgmuKB/RbVYATd8KU/IdmjKUWv4wupuw5ay2SFVloYte0gyDpig5iujo0QQ==",
      "dependencies": {
        "zod": "^3.23.8"
      }
    },
    "node_modules/zod": {
      "version": "3.23.8",
      "resolved": "https://registry.npmjs.org/zod/-/zod-3.23.8.tgz",
      "integrity": "sha512-XBx9AXhXktjUqnepgTiE5flcKIYWi/rme0Eaj+5Y0lftuGBq+jyRu/md4WnuxqgP1ubdpNCsYEYPxrzVHD8d6g==",
      "funding": {
        "url": "https://github.com/sponsors/colinhacks"
      }
    }
  }
}
